<?xml version="1.0" encoding="utf-8"?>
<Project ToolsVersion="4.0" xmlns="http://schemas.microsoft.com/developer/msbuild/2003">
  <ItemGroup>
    <ClInclude Include="ZionNoiseStd.h" />
    <ClInclude Include="..\Window\Window.h">
      <Filter>Window</Filter>
    </ClInclude>
    <ClInclude Include="..\Utilities\INoCopy.h">
      <Filter>Utilities</Filter>
    </ClInclude>
    <ClInclude Include="..\Main\ZionNoise.h">
      <Filter>Main</Filter>
    </ClInclude>
    <ClInclude Include="..\Window\Message.h">
      <Filter>Window</Filter>
    </ClInclude>
    <ClInclude Include="..\Game\Game.h">
      <Filter>Game</Filter>
    </ClInclude>
    <ClInclude Include="..\Graphics\Renderer.h">
      <Filter>Graphics</Filter>
    </ClInclude>
    <ClInclude Include="..\Window\IWindowImpl.h">
      <Filter>Window</Filter>
    </ClInclude>
    <ClInclude Include="..\Window\Win32\WindowImplWin32.h">
      <Filter>Window\Win32</Filter>
    </ClInclude>
    <ClInclude Include="..\Window\WindowStyle.h">
      <Filter>Window</Filter>
    </ClInclude>
    <ClInclude Include="..\Graphics\IRendererImpl.h">
      <Filter>Graphics</Filter>
    </ClInclude>
    <ClInclude Include="..\Graphics\RendererType.h">
      <Filter>Graphics</Filter>
    </ClInclude>
    <ClInclude Include="..\Graphics\D3D10\RendererImplD3D10.h">
      <Filter>Graphics\D3D10</Filter>
    </ClInclude>
    <ClInclude Include="..\Graphics\D3D11\RendererImplD3D11.h">
      <Filter>Graphics\D3D11</Filter>
    </ClInclude>
    <ClInclude Include="..\Geometry\Vec2.h">
      <Filter>Geometry</Filter>
    </ClInclude>
    <ClInclude Include="..\Utilities\IView.h">
      <Filter>Utilities</Filter>
    </ClInclude>
    <ClInclude Include="..\UserInterface\ViewHuman.h">
      <Filter>UserInterface</Filter>
    </ClInclude>
    <ClInclude Include="..\Game\GameLogic.h">
      <Filter>Game</Filter>
    </ClInclude>
    <ClInclude Include="..\Utilities\Timer.h">
      <Filter>Utilities</Filter>
    </ClInclude>
    <ClInclude Include="..\Utilities\Win32\TimerImplWin32.h">
      <Filter>Utilities\Win32</Filter>
    </ClInclude>
    <ClInclude Include="..\Utilities\ITimerImpl.h">
      <Filter>Utilities</Filter>
    </ClInclude>
    <ClInclude Include="..\Window\InputDevices.h">
      <Filter>Window</Filter>
    </ClInclude>
  </ItemGroup>
  <ItemGroup>
    <ClCompile Include="ZionNoiseStd.cpp" />
    <ClCompile Include="..\Main\ZionNoiseMain.cpp">
      <Filter>Main</Filter>
    </ClCompile>
    <ClCompile Include="..\Window\Window.cpp">
      <Filter>Window</Filter>
    </ClCompile>
    <ClCompile Include="..\Game\Game.cpp">
      <Filter>Game</Filter>
    </ClCompile>
    <ClCompile Include="..\Window\IWindowImpl.cpp">
      <Filter>Window</Filter>
    </ClCompile>
    <ClCompile Include="..\Window\Win32\WindowImplWin32.cpp">
      <Filter>Window\Win32</Filter>
    </ClCompile>
    <ClCompile Include="..\Graphics\D3D10\RendererImplD3D10.cpp">
      <Filter>Graphics\D3D10</Filter>
    </ClCompile>
    <ClCompile Include="..\Graphics\D3D11\RendererImplD3D11.cpp">
      <Filter>Graphics\D3D11</Filter>
    </ClCompile>
    <ClCompile Include="..\Graphics\Renderer.cpp">
      <Filter>Graphics</Filter>
    </ClCompile>
    <ClCompile Include="..\UserInterface\ViewHuman.cpp">
      <Filter>UserInterface</Filter>
    </ClCompile>
    <ClCompile Include="..\Game\GameLogic.cpp">
      <Filter>Game</Filter>
    </ClCompile>
    <ClCompile Include="..\Utilities\Win32\TimerImplWin32.cpp">
      <Filter>Utilities\Win32</Filter>
    </ClCompile>
    <ClCompile Include="..\Utilities\Timer.cpp">
      <Filter>Utilities</Filter>
    </ClCompile>
    <ClCompile Include="..\Utilities\ITimerImpl.cpp">
      <Filter>Utilities</Filter>
    </ClCompile>
  </ItemGroup>
  <ItemGroup>
    <Filter Include="Main">
      <UniqueIdentifier>{cca3a936-48dd-4aad-994b-30662ff7af0e}</UniqueIdentifier>
    </Filter>
    <Filter Include="Window">
      <UniqueIdentifier>{e549eab6-dc99-40cd-85c6-4b02f2e5ad93}</UniqueIdentifier>
    </Filter>
    <Filter Include="Utilities">
      <UniqueIdentifier>{4af0dceb-cde1-4db1-92c9-46c2170a35d3}</UniqueIdentifier>
    </Filter>
    <Filter Include="Window\Win32">
      <UniqueIdentifier>{1c006385-7580-4a2c-a2d5-399b241f86f2}</UniqueIdentifier>
    </Filter>
    <Filter Include="Game">
      <UniqueIdentifier>{41fc3c1d-7919-49fe-abd3-3272b6c264a6}</UniqueIdentifier>
    </Filter>
    <Filter Include="Graphics">
      <UniqueIdentifier>{98e03a74-8cbc-4d49-b779-d67f9a2ccb6e}</UniqueIdentifier>
    </Filter>
    <Filter Include="Graphics\D3D10">
      <UniqueIdentifier>{e529ce6d-44b7-4ecd-8ab4-616f62c81632}</UniqueIdentifier>
    </Filter>
    <Filter Include="Graphics\D3D11">
      <UniqueIdentifier>{45d29262-6140-4d41-be30-174c9fa0ef77}</UniqueIdentifier>
    </Filter>
    <Filter Include="Geometry">
      <UniqueIdentifier>{e94ba004-2aa8-44ee-85e6-e9eb03af9858}</UniqueIdentifier>
    </Filter>
    <Filter Include="UserInterface">
      <UniqueIdentifier>{e53087a4-d215-4bd5-b702-ca1c3a365790}</UniqueIdentifier>
    </Filter>
    <Filter Include="Utilities\Win32">
      <UniqueIdentifier>{c71dabdb-16fd-48cd-8d97-1e26680757be}</UniqueIdentifier>
    </Filter>
  </ItemGroup>
</Project>