<?xml version="1.0" encoding="utf-8"?>
<Project ToolsVersion="4.0" xmlns="http://schemas.microsoft.com/developer/msbuild/2003">
  <ItemGroup>
    <ClCompile Include="ZNTestGameStd.cpp" />
    <ClCompile Include="..\Main\ZNTestGameMain.cpp">
      <Filter>Main</Filter>
    </ClCompile>
    <ClCompile Include="..\UserInterface\ViewHumanFirstPerson.cpp">
      <Filter>UserInterface</Filter>
    </ClCompile>
  </ItemGroup>
  <ItemGroup>
    <ClInclude Include="ZNTestGameStd.h" />
    <ClInclude Include="..\UserInterface\ViewHumanFirstPerson.h">
      <Filter>UserInterface</Filter>
    </ClInclude>
    <ClInclude Include="..\Main\ZNTestGame.h">
      <Filter>Main</Filter>
    </ClInclude>
  </ItemGroup>
  <ItemGroup>
    <Filter Include="Main">
      <UniqueIdentifier>{621e8542-c4bb-4f4d-bf2c-f3bea132d7b2}</UniqueIdentifier>
    </Filter>
    <Filter Include="UserInterface">
      <UniqueIdentifier>{7b13b39d-b78f-454f-abd2-213ea7667b5e}</UniqueIdentifier>
    </Filter>
  </ItemGroup>
</Project>